// !$*UTF8*$!
{
	archiveVersion = 1;
	classes = {
	};
	objectVersion = 48;
	objects = {

/* Begin PBXBuildFile section */
		030531F61F987C6A00A28EC1 /* CalendarExtension.swift in Sources */ = {isa = PBXBuildFile; fileRef = 030531EE1F987C6900A28EC1 /* CalendarExtension.swift */; };
		030B768E1F9A2FA8009F3AAD /* MainWindowController.swift in Sources */ = {isa = PBXBuildFile; fileRef = 030B768C1F9A2FA8009F3AAD /* MainWindowController.swift */; };
		030B768F1F9A2FA8009F3AAD /* MainWindowController.xib in Resources */ = {isa = PBXBuildFile; fileRef = 030B768D1F9A2FA8009F3AAD /* MainWindowController.xib */; };
		03725C8B1F978C350068EA12 /* AppDelegate.swift in Sources */ = {isa = PBXBuildFile; fileRef = 03725C8A1F978C350068EA12 /* AppDelegate.swift */; };
		03725C8D1F978C350068EA12 /* Assets.xcassets in Resources */ = {isa = PBXBuildFile; fileRef = 03725C8C1F978C350068EA12 /* Assets.xcassets */; };
		03725C901F978C350068EA12 /* MainMenu.xib in Resources */ = {isa = PBXBuildFile; fileRef = 03725C8E1F978C350068EA12 /* MainMenu.xib */; };
		03725C9C1F978C350068EA12 /* THCalendarTests.swift in Sources */ = {isa = PBXBuildFile; fileRef = 03725C9B1F978C350068EA12 /* THCalendarTests.swift */; };
		03725CA71F978C350068EA12 /* THCalendarUITests.swift in Sources */ = {isa = PBXBuildFile; fileRef = 03725CA61F978C350068EA12 /* THCalendarUITests.swift */; };
		03725CB61F978C8F0068EA12 /* ViewController1.swift in Sources */ = {isa = PBXBuildFile; fileRef = 03725CB41F978C8F0068EA12 /* ViewController1.swift */; };
		03725CB71F978C8F0068EA12 /* ViewController1.xib in Resources */ = {isa = PBXBuildFile; fileRef = 03725CB51F978C8F0068EA12 /* ViewController1.xib */; };
		03725CC21F978CA50068EA12 /* THWeekItem.xib in Resources */ = {isa = PBXBuildFile; fileRef = 03725CB81F978CA40068EA12 /* THWeekItem.xib */; };
		03725CC31F978CA50068EA12 /* THCalendarView.xib in Resources */ = {isa = PBXBuildFile; fileRef = 03725CB91F978CA40068EA12 /* THCalendarView.xib */; };
		03725CC41F978CA50068EA12 /* THMonthItem.swift in Sources */ = {isa = PBXBuildFile; fileRef = 03725CBA1F978CA40068EA12 /* THMonthItem.swift */; };
		03725CC51F978CA50068EA12 /* CollectionViewDataSource.swift in Sources */ = {isa = PBXBuildFile; fileRef = 03725CBB1F978CA40068EA12 /* CollectionViewDataSource.swift */; };
		03725CC61F978CA50068EA12 /* THMonthItem.xib in Resources */ = {isa = PBXBuildFile; fileRef = 03725CBC1F978CA40068EA12 /* THMonthItem.xib */; };
		03725CC71F978CA50068EA12 /* THDateItem.xib in Resources */ = {isa = PBXBuildFile; fileRef = 03725CBD1F978CA40068EA12 /* THDateItem.xib */; };
		03725CC81F978CA50068EA12 /* THCalendarView.swift in Sources */ = {isa = PBXBuildFile; fileRef = 03725CBE1F978CA40068EA12 /* THCalendarView.swift */; };
		03725CC91F978CA50068EA12 /* THWeekItem.swift in Sources */ = {isa = PBXBuildFile; fileRef = 03725CBF1F978CA50068EA12 /* THWeekItem.swift */; };
		03725CCA1F978CA50068EA12 /* THCalendar.swift in Sources */ = {isa = PBXBuildFile; fileRef = 03725CC01F978CA50068EA12 /* THCalendar.swift */; };
		03725CCB1F978CA50068EA12 /* THDateItem.swift in Sources */ = {isa = PBXBuildFile; fileRef = 03725CC11F978CA50068EA12 /* THDateItem.swift */; };
/* End PBXBuildFile section */

/* Begin PBXContainerItemProxy section */
		03725C981F978C350068EA12 /* PBXContainerItemProxy */ = {
			isa = PBXContainerItemProxy;
			containerPortal = 03725C7F1F978C350068EA12 /* Project object */;
			proxyType = 1;
			remoteGlobalIDString = 03725C861F978C350068EA12;
			remoteInfo = THCalendar;
		};
		03725CA31F978C350068EA12 /* PBXContainerItemProxy */ = {
			isa = PBXContainerItemProxy;
			containerPortal = 03725C7F1F978C350068EA12 /* Project object */;
			proxyType = 1;
			remoteGlobalIDString = 03725C861F978C350068EA12;
			remoteInfo = THCalendar;
		};
/* End PBXContainerItemProxy section */

/* Begin PBXFileReference section */
		030531EE1F987C6900A28EC1 /* CalendarExtension.swift */ = {isa = PBXFileReference; fileEncoding = 4; lastKnownFileType = sourcecode.swift; path = CalendarExtension.swift; sourceTree = "<group>"; };
		030B768C1F9A2FA8009F3AAD /* MainWindowController.swift */ = {isa = PBXFileReference; lastKnownFileType = sourcecode.swift; path = MainWindowController.swift; sourceTree = "<group>"; };
		030B768D1F9A2FA8009F3AAD /* MainWindowController.xib */ = {isa = PBXFileReference; lastKnownFileType = file.xib; path = MainWindowController.xib; sourceTree = "<group>"; };
		03725C871F978C350068EA12 /* THCalendar.app */ = {isa = PBXFileReference; explicitFileType = wrapper.application; includeInIndex = 0; path = THCalendar.app; sourceTree = BUILT_PRODUCTS_DIR; };
		03725C8A1F978C350068EA12 /* AppDelegate.swift */ = {isa = PBXFileReference; lastKnownFileType = sourcecode.swift; path = AppDelegate.swift; sourceTree = "<group>"; };
		03725C8C1F978C350068EA12 /* Assets.xcassets */ = {isa = PBXFileReference; lastKnownFileType = folder.assetcatalog; path = Assets.xcassets; sourceTree = "<group>"; };
		03725C8F1F978C350068EA12 /* Base */ = {isa = PBXFileReference; lastKnownFileType = file.xib; name = Base; path = Base.lproj/MainMenu.xib; sourceTree = "<group>"; };
		03725C911F978C350068EA12 /* Info.plist */ = {isa = PBXFileReference; lastKnownFileType = text.plist.xml; path = Info.plist; sourceTree = "<group>"; };
		03725C921F978C350068EA12 /* THCalendar.entitlements */ = {isa = PBXFileReference; lastKnownFileType = text.plist.entitlements; path = THCalendar.entitlements; sourceTree = "<group>"; };
		03725C971F978C350068EA12 /* THCalendarTests.xctest */ = {isa = PBXFileReference; explicitFileType = wrapper.cfbundle; includeInIndex = 0; path = THCalendarTests.xctest; sourceTree = BUILT_PRODUCTS_DIR; };
		03725C9B1F978C350068EA12 /* THCalendarTests.swift */ = {isa = PBXFileReference; lastKnownFileType = sourcecode.swift; path = THCalendarTests.swift; sourceTree = "<group>"; };
		03725C9D1F978C350068EA12 /* Info.plist */ = {isa = PBXFileReference; lastKnownFileType = text.plist.xml; path = Info.plist; sourceTree = "<group>"; };
		03725CA21F978C350068EA12 /* THCalendarUITests.xctest */ = {isa = PBXFileReference; explicitFileType = wrapper.cfbundle; includeInIndex = 0; path = THCalendarUITests.xctest; sourceTree = BUILT_PRODUCTS_DIR; };
		03725CA61F978C350068EA12 /* THCalendarUITests.swift */ = {isa = PBXFileReference; lastKnownFileType = sourcecode.swift; path = THCalendarUITests.swift; sourceTree = "<group>"; };
		03725CA81F978C350068EA12 /* Info.plist */ = {isa = PBXFileReference; lastKnownFileType = text.plist.xml; path = Info.plist; sourceTree = "<group>"; };
		03725CB41F978C8F0068EA12 /* ViewController1.swift */ = {isa = PBXFileReference; fileEncoding = 4; lastKnownFileType = sourcecode.swift; path = ViewController1.swift; sourceTree = "<group>"; };
		03725CB51F978C8F0068EA12 /* ViewController1.xib */ = {isa = PBXFileReference; fileEncoding = 4; lastKnownFileType = file.xib; path = ViewController1.xib; sourceTree = "<group>"; };
		03725CB81F978CA40068EA12 /* THWeekItem.xib */ = {isa = PBXFileReference; fileEncoding = 4; lastKnownFileType = file.xib; path = THWeekItem.xib; sourceTree = "<group>"; };
		03725CB91F978CA40068EA12 /* THCalendarView.xib */ = {isa = PBXFileReference; fileEncoding = 4; lastKnownFileType = file.xib; path = THCalendarView.xib; sourceTree = "<group>"; };
		03725CBA1F978CA40068EA12 /* THMonthItem.swift */ = {isa = PBXFileReference; fileEncoding = 4; lastKnownFileType = sourcecode.swift; path = THMonthItem.swift; sourceTree = "<group>"; };
		03725CBB1F978CA40068EA12 /* CollectionViewDataSource.swift */ = {isa = PBXFileReference; fileEncoding = 4; lastKnownFileType = sourcecode.swift; path = CollectionViewDataSource.swift; sourceTree = "<group>"; };
		03725CBC1F978CA40068EA12 /* THMonthItem.xib */ = {isa = PBXFileReference; fileEncoding = 4; lastKnownFileType = file.xib; path = THMonthItem.xib; sourceTree = "<group>"; };
		03725CBD1F978CA40068EA12 /* THDateItem.xib */ = {isa = PBXFileReference; fileEncoding = 4; lastKnownFileType = file.xib; path = THDateItem.xib; sourceTree = "<group>"; };
		03725CBE1F978CA40068EA12 /* THCalendarView.swift */ = {isa = PBXFileReference; fileEncoding = 4; lastKnownFileType = sourcecode.swift; path = THCalendarView.swift; sourceTree = "<group>"; };
		03725CBF1F978CA50068EA12 /* THWeekItem.swift */ = {isa = PBXFileReference; fileEncoding = 4; lastKnownFileType = sourcecode.swift; path = THWeekItem.swift; sourceTree = "<group>"; };
		03725CC01F978CA50068EA12 /* THCalendar.swift */ = {isa = PBXFileReference; fileEncoding = 4; lastKnownFileType = sourcecode.swift; path = THCalendar.swift; sourceTree = "<group>"; };
		03725CC11F978CA50068EA12 /* THDateItem.swift */ = {isa = PBXFileReference; fileEncoding = 4; lastKnownFileType = sourcecode.swift; path = THDateItem.swift; sourceTree = "<group>"; };
/* End PBXFileReference section */

/* Begin PBXFrameworksBuildPhase section */
		03725C841F978C350068EA12 /* Frameworks */ = {
			isa = PBXFrameworksBuildPhase;
			buildActionMask = 2147483647;
			files = (
			);
			runOnlyForDeploymentPostprocessing = 0;
		};
		03725C941F978C350068EA12 /* Frameworks */ = {
			isa = PBXFrameworksBuildPhase;
			buildActionMask = 2147483647;
			files = (
			);
			runOnlyForDeploymentPostprocessing = 0;
		};
		03725C9F1F978C350068EA12 /* Frameworks */ = {
			isa = PBXFrameworksBuildPhase;
			buildActionMask = 2147483647;
			files = (
			);
			runOnlyForDeploymentPostprocessing = 0;
		};
/* End PBXFrameworksBuildPhase section */

/* Begin PBXGroup section */
		03725C7E1F978C350068EA12 = {
			isa = PBXGroup;
			children = (
				03725C891F978C350068EA12 /* THCalendar */,
				03725C9A1F978C350068EA12 /* THCalendarTests */,
				03725CA51F978C350068EA12 /* THCalendarUITests */,
				03725C881F978C350068EA12 /* Products */,
			);
			sourceTree = "<group>";
		};
		03725C881F978C350068EA12 /* Products */ = {
			isa = PBXGroup;
			children = (
				03725C871F978C350068EA12 /* THCalendar.app */,
				03725C971F978C350068EA12 /* THCalendarTests.xctest */,
				03725CA21F978C350068EA12 /* THCalendarUITests.xctest */,
			);
			name = Products;
			sourceTree = "<group>";
		};
		03725C891F978C350068EA12 /* THCalendar */ = {
			isa = PBXGroup;
			children = (
				03725CCC1F978CAE0068EA12 /* THCalendarView */,
				03725C8A1F978C350068EA12 /* AppDelegate.swift */,
				03725C8C1F978C350068EA12 /* Assets.xcassets */,
				03725C8E1F978C350068EA12 /* MainMenu.xib */,
				03725CB41F978C8F0068EA12 /* ViewController1.swift */,
				03725CB51F978C8F0068EA12 /* ViewController1.xib */,
				03725C911F978C350068EA12 /* Info.plist */,
				03725C921F978C350068EA12 /* THCalendar.entitlements */,
				030B768C1F9A2FA8009F3AAD /* MainWindowController.swift */,
				030B768D1F9A2FA8009F3AAD /* MainWindowController.xib */,
			);
			path = THCalendar;
			sourceTree = "<group>";
		};
		03725C9A1F978C350068EA12 /* THCalendarTests */ = {
			isa = PBXGroup;
			children = (
				03725C9B1F978C350068EA12 /* THCalendarTests.swift */,
				03725C9D1F978C350068EA12 /* Info.plist */,
			);
			path = THCalendarTests;
			sourceTree = "<group>";
		};
		03725CA51F978C350068EA12 /* THCalendarUITests */ = {
			isa = PBXGroup;
			children = (
				03725CA61F978C350068EA12 /* THCalendarUITests.swift */,
				03725CA81F978C350068EA12 /* Info.plist */,
			);
			path = THCalendarUITests;
			sourceTree = "<group>";
		};
		03725CCC1F978CAE0068EA12 /* THCalendarView */ = {
			isa = PBXGroup;
			children = (
				030531EE1F987C6900A28EC1 /* CalendarExtension.swift */,
				03725CBB1F978CA40068EA12 /* CollectionViewDataSource.swift */,
				03725CC01F978CA50068EA12 /* THCalendar.swift */,
				03725CBE1F978CA40068EA12 /* THCalendarView.swift */,
				03725CB91F978CA40068EA12 /* THCalendarView.xib */,
				03725CC11F978CA50068EA12 /* THDateItem.swift */,
				03725CBD1F978CA40068EA12 /* THDateItem.xib */,
				03725CBA1F978CA40068EA12 /* THMonthItem.swift */,
				03725CBC1F978CA40068EA12 /* THMonthItem.xib */,
				03725CBF1F978CA50068EA12 /* THWeekItem.swift */,
				03725CB81F978CA40068EA12 /* THWeekItem.xib */,
			);
			path = THCalendarView;
			sourceTree = "<group>";
		};
/* End PBXGroup section */

/* Begin PBXNativeTarget section */
		03725C861F978C350068EA12 /* THCalendar */ = {
			isa = PBXNativeTarget;
			buildConfigurationList = 03725CAB1F978C350068EA12 /* Build configuration list for PBXNativeTarget "THCalendar" */;
			buildPhases = (
				03725C831F978C350068EA12 /* Sources */,
				03725C841F978C350068EA12 /* Frameworks */,
				03725C851F978C350068EA12 /* Resources */,
			);
			buildRules = (
			);
			dependencies = (
			);
			name = THCalendar;
			productName = THCalendar;
			productReference = 03725C871F978C350068EA12 /* THCalendar.app */;
			productType = "com.apple.product-type.application";
		};
		03725C961F978C350068EA12 /* THCalendarTests */ = {
			isa = PBXNativeTarget;
			buildConfigurationList = 03725CAE1F978C350068EA12 /* Build configuration list for PBXNativeTarget "THCalendarTests" */;
			buildPhases = (
				03725C931F978C350068EA12 /* Sources */,
				03725C941F978C350068EA12 /* Frameworks */,
				03725C951F978C350068EA12 /* Resources */,
			);
			buildRules = (
			);
			dependencies = (
				03725C991F978C350068EA12 /* PBXTargetDependency */,
			);
			name = THCalendarTests;
			productName = THCalendarTests;
			productReference = 03725C971F978C350068EA12 /* THCalendarTests.xctest */;
			productType = "com.apple.product-type.bundle.unit-test";
		};
		03725CA11F978C350068EA12 /* THCalendarUITests */ = {
			isa = PBXNativeTarget;
			buildConfigurationList = 03725CB11F978C350068EA12 /* Build configuration list for PBXNativeTarget "THCalendarUITests" */;
			buildPhases = (
				03725C9E1F978C350068EA12 /* Sources */,
				03725C9F1F978C350068EA12 /* Frameworks */,
				03725CA01F978C350068EA12 /* Resources */,
			);
			buildRules = (
			);
			dependencies = (
				03725CA41F978C350068EA12 /* PBXTargetDependency */,
			);
			name = THCalendarUITests;
			productName = THCalendarUITests;
			productReference = 03725CA21F978C350068EA12 /* THCalendarUITests.xctest */;
			productType = "com.apple.product-type.bundle.ui-testing";
		};
/* End PBXNativeTarget section */

/* Begin PBXProject section */
		03725C7F1F978C350068EA12 /* Project object */ = {
			isa = PBXProject;
			attributes = {
				LastSwiftUpdateCheck = 0910;
				LastUpgradeCheck = 0910;
				ORGANIZATIONNAME = thierryH24;
				TargetAttributes = {
					03725C861F978C350068EA12 = {
						CreatedOnToolsVersion = 9.1;
						ProvisioningStyle = Automatic;
					};
					03725C961F978C350068EA12 = {
						CreatedOnToolsVersion = 9.1;
						ProvisioningStyle = Automatic;
						TestTargetID = 03725C861F978C350068EA12;
					};
					03725CA11F978C350068EA12 = {
						CreatedOnToolsVersion = 9.1;
						ProvisioningStyle = Automatic;
						TestTargetID = 03725C861F978C350068EA12;
					};
				};
			};
			buildConfigurationList = 03725C821F978C350068EA12 /* Build configuration list for PBXProject "THCalendar" */;
			compatibilityVersion = "Xcode 8.0";
			developmentRegion = en;
			hasScannedForEncodings = 0;
			knownRegions = (
				en,
				Base,
			);
			mainGroup = 03725C7E1F978C350068EA12;
			productRefGroup = 03725C881F978C350068EA12 /* Products */;
			projectDirPath = "";
			projectRoot = "";
			targets = (
				03725C861F978C350068EA12 /* THCalendar */,
				03725C961F978C350068EA12 /* THCalendarTests */,
				03725CA11F978C350068EA12 /* THCalendarUITests */,
			);
		};
/* End PBXProject section */

/* Begin PBXResourcesBuildPhase section */
		03725C851F978C350068EA12 /* Resources */ = {
			isa = PBXResourcesBuildPhase;
			buildActionMask = 2147483647;
			files = (
				03725CB71F978C8F0068EA12 /* ViewController1.xib in Resources */,
				03725CC31F978CA50068EA12 /* THCalendarView.xib in Resources */,
				030B768F1F9A2FA8009F3AAD /* MainWindowController.xib in Resources */,
				03725C8D1F978C350068EA12 /* Assets.xcassets in Resources */,
				03725CC21F978CA50068EA12 /* THWeekItem.xib in Resources */,
				03725C901F978C350068EA12 /* MainMenu.xib in Resources */,
				03725CC71F978CA50068EA12 /* THDateItem.xib in Resources */,
				03725CC61F978CA50068EA12 /* THMonthItem.xib in Resources */,
			);
			runOnlyForDeploymentPostprocessing = 0;
		};
		03725C951F978C350068EA12 /* Resources */ = {
			isa = PBXResourcesBuildPhase;
			buildActionMask = 2147483647;
			files = (
			);
			runOnlyForDeploymentPostprocessing = 0;
		};
		03725CA01F978C350068EA12 /* Resources */ = {
			isa = PBXResourcesBuildPhase;
			buildActionMask = 2147483647;
			files = (
			);
			runOnlyForDeploymentPostprocessing = 0;
		};
/* End PBXResourcesBuildPhase section */

/* Begin PBXSourcesBuildPhase section */
		03725C831F978C350068EA12 /* Sources */ = {
			isa = PBXSourcesBuildPhase;
			buildActionMask = 2147483647;
			files = (
				03725CCA1F978CA50068EA12 /* THCalendar.swift in Sources */,
				03725CB61F978C8F0068EA12 /* ViewController1.swift in Sources */,
				030531F61F987C6A00A28EC1 /* CalendarExtension.swift in Sources */,
				03725CC41F978CA50068EA12 /* THMonthItem.swift in Sources */,
				030B768E1F9A2FA8009F3AAD /* MainWindowController.swift in Sources */,
				03725CC81F978CA50068EA12 /* THCalendarView.swift in Sources */,
				03725CCB1F978CA50068EA12 /* THDateItem.swift in Sources */,
				03725C8B1F978C350068EA12 /* AppDelegate.swift in Sources */,
				03725CC91F978CA50068EA12 /* THWeekItem.swift in Sources */,
				03725CC51F978CA50068EA12 /* CollectionViewDataSource.swift in Sources */,
			);
			runOnlyForDeploymentPostprocessing = 0;
		};
		03725C931F978C350068EA12 /* Sources */ = {
			isa = PBXSourcesBuildPhase;
			buildActionMask = 2147483647;
			files = (
				03725C9C1F978C350068EA12 /* THCalendarTests.swift in Sources */,
			);
			runOnlyForDeploymentPostprocessing = 0;
		};
		03725C9E1F978C350068EA12 /* Sources */ = {
			isa = PBXSourcesBuildPhase;
			buildActionMask = 2147483647;
			files = (
				03725CA71F978C350068EA12 /* THCalendarUITests.swift in Sources */,
			);
			runOnlyForDeploymentPostprocessing = 0;
		};
/* End PBXSourcesBuildPhase section */

/* Begin PBXTargetDependency section */
		03725C991F978C350068EA12 /* PBXTargetDependency */ = {
			isa = PBXTargetDependency;
			target = 03725C861F978C350068EA12 /* THCalendar */;
			targetProxy = 03725C981F978C350068EA12 /* PBXContainerItemProxy */;
		};
		03725CA41F978C350068EA12 /* PBXTargetDependency */ = {
			isa = PBXTargetDependency;
			target = 03725C861F978C350068EA12 /* THCalendar */;
			targetProxy = 03725CA31F978C350068EA12 /* PBXContainerItemProxy */;
		};
/* End PBXTargetDependency section */

/* Begin PBXVariantGroup section */
		03725C8E1F978C350068EA12 /* MainMenu.xib */ = {
			isa = PBXVariantGroup;
			children = (
				03725C8F1F978C350068EA12 /* Base */,
			);
			name = MainMenu.xib;
			sourceTree = "<group>";
		};
/* End PBXVariantGroup section */

/* Begin XCBuildConfiguration section */
		03725CA91F978C350068EA12 /* Debug */ = {
			isa = XCBuildConfiguration;
			buildSettings = {
				ALWAYS_SEARCH_USER_PATHS = NO;
				CLANG_ANALYZER_NONNULL = YES;
				CLANG_ANALYZER_NUMBER_OBJECT_CONVERSION = YES_AGGRESSIVE;
				CLANG_CXX_LANGUAGE_STANDARD = "gnu++14";
				CLANG_CXX_LIBRARY = "libc++";
				CLANG_ENABLE_MODULES = YES;
				CLANG_ENABLE_OBJC_ARC = YES;
				CLANG_WARN_BLOCK_CAPTURE_AUTORELEASING = YES;
				CLANG_WARN_BOOL_CONVERSION = YES;
				CLANG_WARN_COMMA = YES;
				CLANG_WARN_CONSTANT_CONVERSION = YES;
				CLANG_WARN_DIRECT_OBJC_ISA_USAGE = YES_ERROR;
				CLANG_WARN_DOCUMENTATION_COMMENTS = YES;
				CLANG_WARN_EMPTY_BODY = YES;
				CLANG_WARN_ENUM_CONVERSION = YES;
				CLANG_WARN_INFINITE_RECURSION = YES;
				CLANG_WARN_INT_CONVERSION = YES;
				CLANG_WARN_NON_LITERAL_NULL_CONVERSION = YES;
				CLANG_WARN_OBJC_LITERAL_CONVERSION = YES;
				CLANG_WARN_OBJC_ROOT_CLASS = YES_ERROR;
				CLANG_WARN_RANGE_LOOP_ANALYSIS = YES;
				CLANG_WARN_STRICT_PROTOTYPES = YES;
				CLANG_WARN_SUSPICIOUS_MOVE = YES;
				CLANG_WARN_UNGUARDED_AVAILABILITY = YES_AGGRESSIVE;
				CLANG_WARN_UNREACHABLE_CODE = YES;
				CLANG_WARN__DUPLICATE_METHOD_MATCH = YES;
				CODE_SIGN_IDENTITY = "-";
				COPY_PHASE_STRIP = NO;
				DEBUG_INFORMATION_FORMAT = dwarf;
				ENABLE_STRICT_OBJC_MSGSEND = YES;
				ENABLE_TESTABILITY = YES;
				GCC_C_LANGUAGE_STANDARD = gnu11;
				GCC_DYNAMIC_NO_PIC = NO;
				GCC_NO_COMMON_BLOCKS = YES;
				GCC_OPTIMIZATION_LEVEL = 0;
				GCC_PREPROCESSOR_DEFINITIONS = (
					"DEBUG=1",
					"$(inherited)",
				);
				GCC_WARN_64_TO_32_BIT_CONVERSION = YES;
				GCC_WARN_ABOUT_RETURN_TYPE = YES_ERROR;
				GCC_WARN_UNDECLARED_SELECTOR = YES;
				GCC_WARN_UNINITIALIZED_AUTOS = YES_AGGRESSIVE;
				GCC_WARN_UNUSED_FUNCTION = YES;
				GCC_WARN_UNUSED_VARIABLE = YES;
				MACOSX_DEPLOYMENT_TARGET = 10.13;
				MTL_ENABLE_DEBUG_INFO = YES;
				ONLY_ACTIVE_ARCH = YES;
				SDKROOT = macosx;
				SWIFT_ACTIVE_COMPILATION_CONDITIONS = DEBUG;
				SWIFT_OPTIMIZATION_LEVEL = "-Onone";
			};
			name = Debug;
		};
		03725CAA1F978C350068EA12 /* Release */ = {
			isa = XCBuildConfiguration;
			buildSettings = {
				ALWAYS_SEARCH_USER_PATHS = NO;
				CLANG_ANALYZER_NONNULL = YES;
				CLANG_ANALYZER_NUMBER_OBJECT_CONVERSION = YES_AGGRESSIVE;
				CLANG_CXX_LANGUAGE_STANDARD = "gnu++14";
				CLANG_CXX_LIBRARY = "libc++";
				CLANG_ENABLE_MODULES = YES;
				CLANG_ENABLE_OBJC_ARC = YES;
				CLANG_WARN_BLOCK_CAPTURE_AUTORELEASING = YES;
				CLANG_WARN_BOOL_CONVERSION = YES;
				CLANG_WARN_COMMA = YES;
				CLANG_WARN_CONSTANT_CONVERSION = YES;
				CLANG_WARN_DIRECT_OBJC_ISA_USAGE = YES_ERROR;
				CLANG_WARN_DOCUMENTATION_COMMENTS = YES;
				CLANG_WARN_EMPTY_BODY = YES;
				CLANG_WARN_ENUM_CONVERSION = YES;
				CLANG_WARN_INFINITE_RECURSION = YES;
				CLANG_WARN_INT_CONVERSION = YES;
				CLANG_WARN_NON_LITERAL_NULL_CONVERSION = YES;
				CLANG_WARN_OBJC_LITERAL_CONVERSION = YES;
				CLANG_WARN_OBJC_ROOT_CLASS = YES_ERROR;
				CLANG_WARN_RANGE_LOOP_ANALYSIS = YES;
				CLANG_WARN_STRICT_PROTOTYPES = YES;
				CLANG_WARN_SUSPICIOUS_MOVE = YES;
				CLANG_WARN_UNGUARDED_AVAILABILITY = YES_AGGRESSIVE;
				CLANG_WARN_UNREACHABLE_CODE = YES;
				CLANG_WARN__DUPLICATE_METHOD_MATCH = YES;
				CODE_SIGN_IDENTITY = "-";
				COPY_PHASE_STRIP = NO;
				DEBUG_INFORMATION_FORMAT = "dwarf-with-dsym";
				ENABLE_NS_ASSERTIONS = NO;
				ENABLE_STRICT_OBJC_MSGSEND = YES;
				GCC_C_LANGUAGE_STANDARD = gnu11;
				GCC_NO_COMMON_BLOCKS = YES;
				GCC_WARN_64_TO_32_BIT_CONVERSION = YES;
				GCC_WARN_ABOUT_RETURN_TYPE = YES_ERROR;
				GCC_WARN_UNDECLARED_SELECTOR = YES;
				GCC_WARN_UNINITIALIZED_AUTOS = YES_AGGRESSIVE;
				GCC_WARN_UNUSED_FUNCTION = YES;
				GCC_WARN_UNUSED_VARIABLE = YES;
				MACOSX_DEPLOYMENT_TARGET = 10.13;
				MTL_ENABLE_DEBUG_INFO = NO;
				SDKROOT = macosx;
				SWIFT_OPTIMIZATION_LEVEL = "-Owholemodule";
			};
			name = Release;
		};
		03725CAC1F978C350068EA12 /* Debug */ = {
			isa = XCBuildConfiguration;
			buildSettings = {
				ASSETCATALOG_COMPILER_APPICON_NAME = AppIcon;
				CODE_SIGN_ENTITLEMENTS = THCalendar/THCalendar.entitlements;
				CODE_SIGN_STYLE = Automatic;
				COMBINE_HIDPI_IMAGES = YES;
				INFOPLIST_FILE = THCalendar/Info.plist;
				LD_RUNPATH_SEARCH_PATHS = "$(inherited) @executable_path/../Frameworks";
				PRODUCT_BUNDLE_IDENTIFIER = com.thierry24100..THCalendar;
				PRODUCT_NAME = "$(TARGET_NAME)";
				SWIFT_VERSION = 4.0;
			};
			name = Debug;
		};
		03725CAD1F978C350068EA12 /* Release */ = {
			isa = XCBuildConfiguration;
			buildSettings = {
				ASSETCATALOG_COMPILER_APPICON_NAME = AppIcon;
				CODE_SIGN_ENTITLEMENTS = THCalendar/THCalendar.entitlements;
				CODE_SIGN_STYLE = Automatic;
				COMBINE_HIDPI_IMAGES = YES;
				INFOPLIST_FILE = THCalendar/Info.plist;
				LD_RUNPATH_SEARCH_PATHS = "$(inherited) @executable_path/../Frameworks";
				PRODUCT_BUNDLE_IDENTIFIER = com.thierry24100..THCalendar;
				PRODUCT_NAME = "$(TARGET_NAME)";
				SWIFT_VERSION = 4.0;
			};
			name = Release;
		};
		03725CAF1F978C350068EA12 /* Debug */ = {
			isa = XCBuildConfiguration;
			buildSettings = {
				ALWAYS_EMBED_SWIFT_STANDARD_LIBRARIES = YES;
				BUNDLE_LOADER = "$(TEST_HOST)";
				CODE_SIGN_STYLE = Automatic;
				COMBINE_HIDPI_IMAGES = YES;
				INFOPLIST_FILE = THCalendarTests/Info.plist;
				LD_RUNPATH_SEARCH_PATHS = "$(inherited) @executable_path/../Frameworks @loader_path/../Frameworks";
				PRODUCT_BUNDLE_IDENTIFIER = com.thierry24100..THCalendarTests;
				PRODUCT_NAME = "$(TARGET_NAME)";
				SWIFT_VERSION = 4.0;
				TEST_HOST = "$(BUILT_PRODUCTS_DIR)/THCalendar.app/Contents/MacOS/THCalendar";
			};
			name = Debug;
		};
		03725CB01F978C350068EA12 /* Release */ = {
			isa = XCBuildConfiguration;
			buildSettings = {
				ALWAYS_EMBED_SWIFT_STANDARD_LIBRARIES = YES;
				BUNDLE_LOADER = "$(TEST_HOST)";
				CODE_SIGN_STYLE = Automatic;
				COMBINE_HIDPI_IMAGES = YES;
				INFOPLIST_FILE = THCalendarTests/Info.plist;
				LD_RUNPATH_SEARCH_PATHS = "$(inherited) @executable_path/../Frameworks @loader_path/../Frameworks";
				PRODUCT_BUNDLE_IDENTIFIER = com.thierry24100..THCalendarTests;
				PRODUCT_NAME = "$(TARGET_NAME)";
				SWIFT_VERSION = 4.0;
				TEST_HOST = "$(BUILT_PRODUCTS_DIR)/THCalendar.app/Contents/MacOS/THCalendar";
			};
			name = Release;
		};
		03725CB21F978C350068EA12 /* Debug */ = {
			isa = XCBuildConfiguration;
			buildSettings = {
				ALWAYS_EMBED_SWIFT_STANDARD_LIBRARIES = YES;
				CODE_SIGN_STYLE = Automatic;
				COMBINE_HIDPI_IMAGES = YES;
				INFOPLIST_FILE = THCalendarUITests/Info.plist;
				LD_RUNPATH_SEARCH_PATHS = "$(inherited) @executable_path/../Frameworks @loader_path/../Frameworks";
				PRODUCT_BUNDLE_IDENTIFIER = com.thierry24100..THCalendarUITests;
				PRODUCT_NAME = "$(TARGET_NAME)";
				SWIFT_VERSION = 4.0;
				TEST_TARGET_NAME = THCalendar;
			};
			name = Debug;
		};
		03725CB31F978C350068EA12 /* Release */ = {
			isa = XCBuildConfiguration;
			buildSettings = {
				ALWAYS_EMBED_SWIFT_STANDARD_LIBRARIES = YES;
				CODE_SIGN_STYLE = Automatic;
				COMBINE_HIDPI_IMAGES = YES;
				INFOPLIST_FILE = THCalendarUITests/Info.plist;
				LD_RUNPATH_SEARCH_PATHS = "$(inherited) @executable_path/../Frameworks @loader_path/../Frameworks";
				PRODUCT_BUNDLE_IDENTIFIER = com.thierry24100..THCalendarUITests;
				PRODUCT_NAME = "$(TARGET_NAME)";
				SWIFT_VERSION = 4.0;
				TEST_TARGET_NAME = THCalendar;
			};
			name = Release;
		};
/* End XCBuildConfiguration section */

/* Begin XCConfigurationList section */
		03725C821F978C350068EA12 /* Build configuration list for PBXProject "THCalendar" */ = {
			isa = XCConfigurationList;
			buildConfigurations = (
				03725CA91F978C350068EA12 /* Debug */,
				03725CAA1F978C350068EA12 /* Release */,
			);
			defaultConfigurationIsVisible = 0;
			defaultConfigurationName = Release;
		};
		03725CAB1F978C350068EA12 /* Build configuration list for PBXNativeTarget "THCalendar" */ = {
			isa = XCConfigurationList;
			buildConfigurations = (
				03725CAC1F978C350068EA12 /* Debug */,
				03725CAD1F978C350068EA12 /* Release */,
			);
			defaultConfigurationIsVisible = 0;
			defaultConfigurationName = Release;
		};
		03725CAE1F978C350068EA12 /* Build configuration list for PBXNativeTarget "THCalendarTests" */ = {
			isa = XCConfigurationList;
			buildConfigurations = (
				03725CAF1F978C350068EA12 /* Debug */,
				03725CB01F978C350068EA12 /* Release */,
			);
			defaultConfigurationIsVisible = 0;
			defaultConfigurationName = Release;
		};
		03725CB11F978C350068EA12 /* Build configuration list for PBXNativeTarget "THCalendarUITests" */ = {
			isa = XCConfigurationList;
			buildConfigurations = (
				03725CB21F978C350068EA12 /* Debug */,
				03725CB31F978C350068EA12 /* Release */,
			);
			defaultConfigurationIsVisible = 0;
			defaultConfigurationName = Release;
		};
/* End XCConfigurationList section */
	};
	rootObject = 03725C7F1F978C350068EA12 /* Project object */;
}
